<Project xmlns="http://schemas.microsoft.com/developer/msbuild/2003">
    <PropertyGroup>
        <ProjectGuid>{A4170132-2845-4A2F-BE60-61D693CAE03D}</ProjectGuid>
        <MainSource>SisCoc.dpr</MainSource>
        <DCC_DCCCompiler>DCC32</DCC_DCCCompiler>
        <ProjectVersion>14.6</ProjectVersion>
        <Config Condition="'$(Config)'==''">Debug</Config>
        <FrameworkType>VCL</FrameworkType>
        <Base>True</Base>
        <Platform Condition="'$(Platform)'==''">Win32</Platform>
        <TargetedPlatforms>1</TargetedPlatforms>
        <AppType>Application</AppType>
    </PropertyGroup>
    <PropertyGroup Condition="'$(Config)'=='Base' or '$(Base)'!=''">
        <Base>true</Base>
    </PropertyGroup>
    <PropertyGroup Condition="('$(Platform)'=='Win32' and '$(Base)'=='true') or '$(Base_Win32)'!=''">
        <Base_Win32>true</Base_Win32>
        <CfgParent>Base</CfgParent>
        <Base>true</Base>
    </PropertyGroup>
    <PropertyGroup Condition="('$(Platform)'=='Win64' and '$(Base)'=='true') or '$(Base_Win64)'!=''">
        <Base_Win64>true</Base_Win64>
        <CfgParent>Base</CfgParent>
        <Base>true</Base>
    </PropertyGroup>
    <PropertyGroup Condition="'$(Config)'=='Release' or '$(Cfg_1)'!=''">
        <Cfg_1>true</Cfg_1>
        <CfgParent>Base</CfgParent>
        <Base>true</Base>
    </PropertyGroup>
    <PropertyGroup Condition="('$(Platform)'=='Win32' and '$(Cfg_1)'=='true') or '$(Cfg_1_Win32)'!=''">
        <Cfg_1_Win32>true</Cfg_1_Win32>
        <CfgParent>Cfg_1</CfgParent>
        <Cfg_1>true</Cfg_1>
        <Base>true</Base>
    </PropertyGroup>
    <PropertyGroup Condition="'$(Config)'=='Debug' or '$(Cfg_2)'!=''">
        <Cfg_2>true</Cfg_2>
        <CfgParent>Base</CfgParent>
        <Base>true</Base>
    </PropertyGroup>
    <PropertyGroup Condition="('$(Platform)'=='Win32' and '$(Cfg_2)'=='true') or '$(Cfg_2_Win32)'!=''">
        <Cfg_2_Win32>true</Cfg_2_Win32>
        <CfgParent>Cfg_2</CfgParent>
        <Cfg_2>true</Cfg_2>
        <Base>true</Base>
    </PropertyGroup>
    <PropertyGroup Condition="'$(Base)'!=''">
        <VerInfo_Keys>CompanyName=CR Consulting S/C Ltda;FileDescription=;FileVersion=1.0.0.0;InternalName=Conciliacao de Contas;LegalCopyright=;LegalTrademarks=;OriginalFilename=;ProductName=Conciliacao de Contas;ProductVersion=1.0.0.0;Comments=;VersionFileDescription=Sistema de Conciliacao de Contas VISA e MASTERCARD;VersionComments=;VersionCompanyName=CR Consulting S/C Ltda;Description=;VersionLegalCopyright=;VersionProductName=Conciliacao Automatica de Contas;VersionLegalTrademarks=</VerInfo_Keys>
        <VerInfo_Locale>1049</VerInfo_Locale>
        <DCC_Namespace>Vcl;Vcl.Imaging;Vcl.Touch;Vcl.Samples;Vcl.Shell;System;Xml;Data;Datasnap;Web;Soap;Winapi;Data.Win;System.Win;$(DCC_Namespace)</DCC_Namespace>
        <DCC_Define>VBtoDelphi=true;$(DCC_Define)</DCC_Define>
        <DCC_DependencyCheckOutputName>SisCoc.exe</DCC_DependencyCheckOutputName>
        <DCC_ImageBase>00400000</DCC_ImageBase>
        <DCC_Platform>x86</DCC_Platform>
    </PropertyGroup>
    <PropertyGroup Condition="'$(Base_Win32)'!=''">
        <VerInfo_IncludeVerInfo>true</VerInfo_IncludeVerInfo>
        <VerInfo_Locale>1033</VerInfo_Locale>
        <Manifest_File>$(BDS)\bin\default_app.manifest</Manifest_File>
        <DCC_Namespace>Datasnap.Win;Web.Win;Soap.Win;Xml.Win;Bde;$(DCC_Namespace)</DCC_Namespace>
        <Icon_MainIcon>SisCoc_Icon.ico</Icon_MainIcon>
        <VerInfo_Keys>CompanyName=;FileDescription=;FileVersion=1.0.0.0;InternalName=;LegalCopyright=;LegalTrademarks=;OriginalFilename=;ProductName=;ProductVersion=1.0.0.0;Comments=</VerInfo_Keys>
    </PropertyGroup>
    <PropertyGroup Condition="'$(Base_Win64)'!=''">
        <Icon_MainIcon>SisCoc_Icon.ico</Icon_MainIcon>
    </PropertyGroup>
    <PropertyGroup Condition="'$(Cfg_1)'!=''">
        <DCC_LocalDebugSymbols>false</DCC_LocalDebugSymbols>
        <DCC_Define>RELEASE;$(DCC_Define)</DCC_Define>
        <DCC_SymbolReferenceInfo>0</DCC_SymbolReferenceInfo>
        <DCC_DebugInformation>false</DCC_DebugInformation>
    </PropertyGroup>
    <PropertyGroup Condition="'$(Cfg_1_Win32)'!=''">
        <VerInfo_Locale>1033</VerInfo_Locale>
        <DCC_ExeOutput>C:\Rom\SisCoc\</DCC_ExeOutput>
        <VerInfo_IncludeVerInfo>true</VerInfo_IncludeVerInfo>
        <VerInfo_Keys>CompanyName=;FileDescription=;FileVersion=1.0.0.0;InternalName=;LegalCopyright=;LegalTrademarks=;OriginalFilename=;ProductName=;ProductVersion=1.0.0.0;Comments=</VerInfo_Keys>
        <Icon_MainIcon>$(BDS)\bin\delphi_PROJECTICON.ico</Icon_MainIcon>
    </PropertyGroup>
    <PropertyGroup Condition="'$(Cfg_2)'!=''">
        <DCC_Define>DEBUG;$(DCC_Define)</DCC_Define>
    </PropertyGroup>
    <PropertyGroup Condition="'$(Cfg_2_Win32)'!=''">
        <Icon_MainIcon>$(BDS)\bin\delphi_PROJECTICON.ico</Icon_MainIcon>
        <VerInfo_Locale>1033</VerInfo_Locale>
        <DCC_ExeOutput>C:\Rom\SisCoc\</DCC_ExeOutput>
        <VerInfo_Keys>CompanyName=;FileDescription=;FileVersion=1.0.0.0;InternalName=;LegalCopyright=;LegalTrademarks=;OriginalFilename=;ProductName=;ProductVersion=1.0.0.0;Comments=</VerInfo_Keys>
        <VerInfo_IncludeVerInfo>true</VerInfo_IncludeVerInfo>
    </PropertyGroup>
    <ItemGroup>
        <DelphiCompile Include="$(MainSource)">
            <MainSource>MainSource</MainSource>
        </DelphiCompile>
        <DCCReference Include="VBto_Converter.pas"/>
        <DCCReference Include="frmNaoLib_.pas">
            <Form>frmNaoLib</Form>
        </DCCReference>
        <DCCReference Include="DataDeAte_.pas">
            <Form>DataDeAte</Form>
        </DCCReference>
        <DCCReference Include="ConsultaCvMes_.pas">
            <Form>ConsultaCvMes</Form>
        </DCCReference>
        <DCCReference Include="frmPath_.pas">
            <Form>frmPath</Form>
        </DCCReference>
        <DCCReference Include="DataGerArq_.pas">
            <Form>DataGerArq</Form>
        </DCCReference>
        <DCCReference Include="frmAbout_.pas">
            <Form>frmAbout</Form>
        </DCCReference>
        <DCCReference Include="TipoConAdm_.pas">
            <Form>TipoConAdm</Form>
        </DCCReference>
        <DCCReference Include="Historico_.pas">
            <Form>Historico</Form>
        </DCCReference>
        <DCCReference Include="Alterar_Consulta_.pas">
            <Form>Alterar_Consulta</Form>
        </DCCReference>
        <DCCReference Include="ConsultaCon_.pas">
            <Form>ConsultaCon</Form>
        </DCCReference>
        <DCCReference Include="AlterarManual_.pas">
            <Form>AlterarManual</Form>
        </DCCReference>
        <DCCReference Include="frmMes1_.pas">
            <Form>frmMes1</Form>
        </DCCReference>
        <DCCReference Include="TipoCon_.pas">
            <Form>TipoCon</Form>
        </DCCReference>
        <DCCReference Include="frmRelease_.pas">
            <Form>frmRelease</Form>
        </DCCReference>
        <DCCReference Include="frmBaixaBanco_.pas">
            <Form>frmBaixaBanco</Form>
        </DCCReference>
        <DCCReference Include="NovoClienteAlt_.pas">
            <Form>NovoClienteAlt</Form>
        </DCCReference>
        <DCCReference Include="frmAgenda1_.pas">
            <Form>frmAgenda1</Form>
        </DCCReference>
        <DCCReference Include="frmAgenda_.pas">
            <Form>frmAgenda</Form>
        </DCCReference>
        <DCCReference Include="Alterar1Manual_.pas">
            <Form>Alterar1Manual</Form>
        </DCCReference>
        <DCCReference Include="frmGeraMov_.pas">
            <Form>frmGeraMov</Form>
        </DCCReference>
        <DCCReference Include="frmLog_.pas">
            <Form>frmLog</Form>
        </DCCReference>
        <DCCReference Include="frmMes_.pas">
            <Form>frmMes</Form>
        </DCCReference>
        <DCCReference Include="frmJuncao_.pas">
            <Form>frmJuncao</Form>
        </DCCReference>
        <DCCReference Include="DataLimite_.pas">
            <Form>DataLimite</Form>
        </DCCReference>
        <DCCReference Include="Consulta_.pas">
            <Form>Consulta</Form>
        </DCCReference>
        <DCCReference Include="atMoeda_.pas">
            <Form>atMoeda</Form>
        </DCCReference>
        <DCCReference Include="RotGerais.pas"/>
        <DCCReference Include="SimulaMenu_.pas">
            <Form>SimulaMenu</Form>
        </DCCReference>
        <DCCReference Include="DataMov_.pas">
            <Form>DataMov</Form>
        </DCCReference>
        <DCCReference Include="NovoCliente_.pas">
            <Form>NovoCliente</Form>
        </DCCReference>
        <DCCReference Include="PBar_.pas">
            <Form>PBar</Form>
        </DCCReference>
        <DCCReference Include="Periodo_.pas">
            <Form>Periodo</Form>
        </DCCReference>
        <DCCReference Include="Incluir_.pas">
            <Form>Incluir</Form>
        </DCCReference>
        <DCCReference Include="TelaInicial_.pas">
            <Form>TelaInicial</Form>
        </DCCReference>
        <DCCReference Include="frmLogin_.pas">
            <Form>frmLogin</Form>
        </DCCReference>
        <DCCReference Include="frmMain_.pas">
            <Form>fMainForm</Form>
        </DCCReference>
        <DCCReference Include="Module1.pas"/>
        <DCCReference Include="DataModuleFormUnit.pas">
            <Form>DataModule</Form>
            <FormType>dfm</FormType>
        </DCCReference>
        <DCCReference Include="..\Subrug\Subrug.pas"/>
        <DCCReference Include="..\CR CONSULTING\Pilha.pas"/>
        <DCCReference Include="..\Subrug\SuTypGer.pas"/>
        <DCCReference Include="PedeAlteraca.pas">
            <Form>PedeAlteracao</Form>
            <FormType>dfm</FormType>
        </DCCReference>
        <BuildConfiguration Include="Debug">
            <Key>Cfg_2</Key>
            <CfgParent>Base</CfgParent>
        </BuildConfiguration>
        <BuildConfiguration Include="Base">
            <Key>Base</Key>
        </BuildConfiguration>
        <BuildConfiguration Include="Release">
            <Key>Cfg_1</Key>
            <CfgParent>Base</CfgParent>
        </BuildConfiguration>
    </ItemGroup>
    <Import Project="$(BDS)\Bin\CodeGear.Delphi.Targets" Condition="Exists('$(BDS)\Bin\CodeGear.Delphi.Targets')"/>
    <Import Condition="Exists('$(APPDATA)Embarcadero$(BDSAPPDATABASEDIR)$(PRODUCTVERSION)UserTools.proj')" Project="$(APPDATA)Embarcadero$(BDSAPPDATABASEDIR)$(PRODUCTVERSION)UserTools.proj"/>
    <ProjectExtensions>
        <Borland.Personality>Delphi.Personality.12</Borland.Personality>
        <Borland.ProjectType>VCLApplication</Borland.ProjectType>
        <BorlandProject>
            <Delphi.Personality>
                <Source>
                    <Source Name="MainSource">SisCoc.dpr</Source>
                </Source>
                <Parameters>
                    <Parameters Name="RunParams"/>
                </Parameters>
                <VersionInfo>
                    <VersionInfo Name="IncludeVerInfo">False</VersionInfo>
                    <VersionInfo Name="AutoIncBuild">False</VersionInfo>
                    <VersionInfo Name="MajorVer">1</VersionInfo>
                    <VersionInfo Name="MinorVer">0</VersionInfo>
                    <VersionInfo Name="Release">0</VersionInfo>
                    <VersionInfo Name="Build">0</VersionInfo>
                    <VersionInfo Name="Debug">False</VersionInfo>
                    <VersionInfo Name="PreRelease">False</VersionInfo>
                    <VersionInfo Name="Special">False</VersionInfo>
                    <VersionInfo Name="Private">False</VersionInfo>
                    <VersionInfo Name="DLL">False</VersionInfo>
                    <VersionInfo Name="Locale">1049</VersionInfo>
                    <VersionInfo Name="CodePage">1251</VersionInfo>
                </VersionInfo>
                <VersionInfoKeys>
                    <VersionInfoKeys Name="CompanyName">CR Consulting S/C Ltda</VersionInfoKeys>
                    <VersionInfoKeys Name="FileDescription"/>
                    <VersionInfoKeys Name="FileVersion">1.0.0.0</VersionInfoKeys>
                    <VersionInfoKeys Name="InternalName">Conciliacao de Contas</VersionInfoKeys>
                    <VersionInfoKeys Name="LegalCopyright"/>
                    <VersionInfoKeys Name="LegalTrademarks"/>
                    <VersionInfoKeys Name="OriginalFilename"/>
                    <VersionInfoKeys Name="ProductName">Conciliacao de Contas</VersionInfoKeys>
                    <VersionInfoKeys Name="ProductVersion">1.0.0.0</VersionInfoKeys>
                    <VersionInfoKeys Name="Comments"/>
                    <VersionInfoKeys Name="VersionFileDescription">Sistema de Conciliacao de Contas VISA e MASTERCARD</VersionInfoKeys>
                    <VersionInfoKeys Name="VersionComments"/>
                    <VersionInfoKeys Name="VersionCompanyName">CR Consulting S/C Ltda</VersionInfoKeys>
                    <VersionInfoKeys Name="Description"/>
                    <VersionInfoKeys Name="VersionLegalCopyright"/>
                    <VersionInfoKeys Name="VersionProductName">Conciliacao Automatica de Contas</VersionInfoKeys>
                    <VersionInfoKeys Name="VersionLegalTrademarks"/>
                </VersionInfoKeys>
                <Excluded_Packages>
                    <Excluded_Packages Name="C:\Program Files (x86)\Advantage 10.10\TDataSet\DelphiXE4\WIN32\adsDXE4dstudio.bpl">File C:\Program Files (x86)\Advantage 10.10\TDataSet\DelphiXE4\WIN32\adsDXE4dstudio.bpl not found</Excluded_Packages>
                    <Excluded_Packages Name="$(BDSBIN)\dcloffice2k180.bpl">Microsoft Office 2000 Sample Automation Server Wrapper Components</Excluded_Packages>
                    <Excluded_Packages Name="$(BDSBIN)\dclofficexp180.bpl">Microsoft Office XP Sample Automation Server Wrapper Components</Excluded_Packages>
                </Excluded_Packages>
            </Delphi.Personality>
            <Platforms>
                <Platform value="Win32">True</Platform>
                <Platform value="Win64">False</Platform>
            </Platforms>
        </BorlandProject>
        <ProjectFileVersion>12</ProjectFileVersion>
    </ProjectExtensions>
    <Import Project="$(APPDATA)\Embarcadero\$(BDSAPPDATABASEDIR)\$(PRODUCTVERSION)\UserTools.proj" Condition="Exists('$(APPDATA)\Embarcadero\$(BDSAPPDATABASEDIR)\$(PRODUCTVERSION)\UserTools.proj')"/>
</Project>
